
Microsoft Visual Studio Solution File, Format Version 12.00
# Visual Studio Version 17
VisualStudioVersion = 17.11.35312.102
MinimumVisualStudioVersion = 10.0.40219.1
Project("{FAE04EC0-301F-11D3-BF4B-00C04F79EFBC}") = "AppMetodosListas", "AppMetodosListas\AppMetodosListas.csproj", "{DAECFDA7-48AF-4B03-87A0-B0F1471182BC}"
EndProject
Global
	GlobalSection(SolutionConfigurationPlatforms) = preSolution
		Debug|Any CPU = Debug|Any CPU
		Release|Any CPU = Release|Any CPU
	EndGlobalSection
	GlobalSection(ProjectConfigurationPlatforms) = postSolution
		{DAECFDA7-48AF-4B03-87A0-B0F1471182BC}.Debug|Any CPU.ActiveCfg = Debug|Any CPU
		{DAECFDA7-48AF-4B03-87A0-B0F1471182BC}.Debug|Any CPU.Build.0 = Debug|Any CPU
		{DAECFDA7-48AF-4B03-87A0-B0F1471182BC}.Release|Any CPU.ActiveCfg = Release|Any CPU
		{DAECFDA7-48AF-4B03-87A0-B0F1471182BC}.Release|Any CPU.Build.0 = Release|Any CPU
	EndGlobalSection
	GlobalSection(SolutionProperties) = preSolution
		HideSolutionNode = FALSE
	EndGlobalSection
	GlobalSection(ExtensibilityGlobals) = postSolution
		SolutionGuid = {EBB0FA27-1B66-404A-8778-AFC93D939DE7}
	EndGlobalSection
EndGlobal
